// !$*UTF8*$!
{
	archiveVersion = 1;
	classes = {
	};
	objectVersion = 56;
	objects = {

/* Begin PBXBuildFile section */
		4714EDC62BD4009F002BB87B /* AppDelegate.swift in Sources */ = {isa = PBXBuildFile; fileRef = 4714EDC52BD4009F002BB87B /* AppDelegate.swift */; };
		4714EDC82BD4009F002BB87B /* SceneDelegate.swift in Sources */ = {isa = PBXBuildFile; fileRef = 4714EDC72BD4009F002BB87B /* SceneDelegate.swift */; };
		4714EDCA2BD4009F002BB87B /* ViewController.swift in Sources */ = {isa = PBXBuildFile; fileRef = 4714EDC92BD4009F002BB87B /* ViewController.swift */; };
		4714EDCD2BD4009F002BB87B /* Main.storyboard in Resources */ = {isa = PBXBuildFile; fileRef = 4714EDCB2BD4009F002BB87B /* Main.storyboard */; };
		4714EDCF2BD400A0002BB87B /* Assets.xcassets in Resources */ = {isa = PBXBuildFile; fileRef = 4714EDCE2BD400A0002BB87B /* Assets.xcassets */; };
		4714EDD22BD400A0002BB87B /* LaunchScreen.storyboard in Resources */ = {isa = PBXBuildFile; fileRef = 4714EDD02BD400A0002BB87B /* LaunchScreen.storyboard */; };
		4714EDE12BD400CB002BB87B /* TableViewAdapter.swift in Sources */ = {isa = PBXBuildFile; fileRef = 4714EDDA2BD400CB002BB87B /* TableViewAdapter.swift */; };
		4714EDE22BD400CB002BB87B /* SectionAdapterInput.swift in Sources */ = {isa = PBXBuildFile; fileRef = 4714EDDC2BD400CB002BB87B /* SectionAdapterInput.swift */; };
		4714EDE32BD400CB002BB87B /* CellsSetSectionAdapter.swift in Sources */ = {isa = PBXBuildFile; fileRef = 4714EDDD2BD400CB002BB87B /* CellsSetSectionAdapter.swift */; };
		4714EDE42BD400CB002BB87B /* TableViewAdapterInput.swift in Sources */ = {isa = PBXBuildFile; fileRef = 4714EDDE2BD400CB002BB87B /* TableViewAdapterInput.swift */; };
		4714EDE52BD400CB002BB87B /* CellAdapterInput.swift in Sources */ = {isa = PBXBuildFile; fileRef = 4714EDE02BD400CB002BB87B /* CellAdapterInput.swift */; };
/* End PBXBuildFile section */

/* Begin PBXFileReference section */
		4714EDC22BD4009F002BB87B /* Homework17.app */ = {isa = PBXFileReference; explicitFileType = wrapper.application; includeInIndex = 0; path = Homework17.app; sourceTree = BUILT_PRODUCTS_DIR; };
		4714EDC52BD4009F002BB87B /* AppDelegate.swift */ = {isa = PBXFileReference; lastKnownFileType = sourcecode.swift; path = AppDelegate.swift; sourceTree = "<group>"; };
		4714EDC72BD4009F002BB87B /* SceneDelegate.swift */ = {isa = PBXFileReference; lastKnownFileType = sourcecode.swift; path = SceneDelegate.swift; sourceTree = "<group>"; };
		4714EDC92BD4009F002BB87B /* ViewController.swift */ = {isa = PBXFileReference; lastKnownFileType = sourcecode.swift; path = ViewController.swift; sourceTree = "<group>"; };
		4714EDCC2BD4009F002BB87B /* Base */ = {isa = PBXFileReference; lastKnownFileType = file.storyboard; name = Base; path = Base.lproj/Main.storyboard; sourceTree = "<group>"; };
		4714EDCE2BD400A0002BB87B /* Assets.xcassets */ = {isa = PBXFileReference; lastKnownFileType = folder.assetcatalog; path = Assets.xcassets; sourceTree = "<group>"; };
		4714EDD12BD400A0002BB87B /* Base */ = {isa = PBXFileReference; lastKnownFileType = file.storyboard; name = Base; path = Base.lproj/LaunchScreen.storyboard; sourceTree = "<group>"; };
		4714EDD32BD400A0002BB87B /* Info.plist */ = {isa = PBXFileReference; lastKnownFileType = text.plist.xml; path = Info.plist; sourceTree = "<group>"; };
		4714EDDA2BD400CB002BB87B /* TableViewAdapter.swift */ = {isa = PBXFileReference; fileEncoding = 4; lastKnownFileType = sourcecode.swift; path = TableViewAdapter.swift; sourceTree = "<group>"; };
		4714EDDC2BD400CB002BB87B /* SectionAdapterInput.swift */ = {isa = PBXFileReference; fileEncoding = 4; lastKnownFileType = sourcecode.swift; path = SectionAdapterInput.swift; sourceTree = "<group>"; };
		4714EDDD2BD400CB002BB87B /* CellsSetSectionAdapter.swift */ = {isa = PBXFileReference; fileEncoding = 4; lastKnownFileType = sourcecode.swift; path = CellsSetSectionAdapter.swift; sourceTree = "<group>"; };
		4714EDDE2BD400CB002BB87B /* TableViewAdapterInput.swift */ = {isa = PBXFileReference; fileEncoding = 4; lastKnownFileType = sourcecode.swift; path = TableViewAdapterInput.swift; sourceTree = "<group>"; };
		4714EDE02BD400CB002BB87B /* CellAdapterInput.swift */ = {isa = PBXFileReference; fileEncoding = 4; lastKnownFileType = sourcecode.swift; path = CellAdapterInput.swift; sourceTree = "<group>"; };
/* End PBXFileReference section */

/* Begin PBXFrameworksBuildPhase section */
		4714EDBF2BD4009F002BB87B /* Frameworks */ = {
			isa = PBXFrameworksBuildPhase;
			buildActionMask = 2147483647;
			files = (
			);
			runOnlyForDeploymentPostprocessing = 0;
		};
/* End PBXFrameworksBuildPhase section */

/* Begin PBXGroup section */
		4714EDB92BD4009F002BB87B = {
			isa = PBXGroup;
			children = (
				4714EDC42BD4009F002BB87B /* Homework17 */,
				4714EDC32BD4009F002BB87B /* Products */,
			);
			sourceTree = "<group>";
		};
		4714EDC32BD4009F002BB87B /* Products */ = {
			isa = PBXGroup;
			children = (
				4714EDC22BD4009F002BB87B /* Homework17.app */,
			);
			name = Products;
			sourceTree = "<group>";
		};
		4714EDC42BD4009F002BB87B /* Homework17 */ = {
			isa = PBXGroup;
			children = (
				4714EDD92BD400CB002BB87B /* TableAdapter */,
				4714EDC52BD4009F002BB87B /* AppDelegate.swift */,
				4714EDC72BD4009F002BB87B /* SceneDelegate.swift */,
				4714EDC92BD4009F002BB87B /* ViewController.swift */,
				4714EDCB2BD4009F002BB87B /* Main.storyboard */,
				4714EDCE2BD400A0002BB87B /* Assets.xcassets */,
				4714EDD02BD400A0002BB87B /* LaunchScreen.storyboard */,
				4714EDD32BD400A0002BB87B /* Info.plist */,
			);
			path = Homework17;
			sourceTree = "<group>";
		};
		4714EDD92BD400CB002BB87B /* TableAdapter */ = {
			isa = PBXGroup;
			children = (
				4714EDDA2BD400CB002BB87B /* TableViewAdapter.swift */,
				4714EDDE2BD400CB002BB87B /* TableViewAdapterInput.swift */,
				4714EDDB2BD400CB002BB87B /* Section */,
				4714EDDF2BD400CB002BB87B /* Cell */,
			);
			name = TableAdapter;
			path = ../../../../../Downloads/HomeWork17/TableAdapter;
			sourceTree = "<group>";
		};
		4714EDDB2BD400CB002BB87B /* Section */ = {
			isa = PBXGroup;
			children = (
				4714EDDC2BD400CB002BB87B /* SectionAdapterInput.swift */,
				4714EDDD2BD400CB002BB87B /* CellsSetSectionAdapter.swift */,
			);
			path = Section;
			sourceTree = "<group>";
		};
		4714EDDF2BD400CB002BB87B /* Cell */ = {
			isa = PBXGroup;
			children = (
				4714EDE02BD400CB002BB87B /* CellAdapterInput.swift */,
			);
			path = Cell;
			sourceTree = "<group>";
		};
/* End PBXGroup section */

/* Begin PBXNativeTarget section */
		4714EDC12BD4009F002BB87B /* Homework17 */ = {
			isa = PBXNativeTarget;
			buildConfigurationList = 4714EDD62BD400A0002BB87B /* Build configuration list for PBXNativeTarget "Homework17" */;
			buildPhases = (
				4714EDBE2BD4009F002BB87B /* Sources */,
				4714EDBF2BD4009F002BB87B /* Frameworks */,
				4714EDC02BD4009F002BB87B /* Resources */,
			);
			buildRules = (
			);
			dependencies = (
			);
			name = Homework17;
			productName = Homework17;
			productReference = 4714EDC22BD4009F002BB87B /* Homework17.app */;
			productType = "com.apple.product-type.application";
		};
/* End PBXNativeTarget section */

/* Begin PBXProject section */
		4714EDBA2BD4009F002BB87B /* Project object */ = {
			isa = PBXProject;
			attributes = {
				BuildIndependentTargetsInParallel = 1;
				LastSwiftUpdateCheck = 1500;
				LastUpgradeCheck = 1500;
				TargetAttributes = {
					4714EDC12BD4009F002BB87B = {
						CreatedOnToolsVersion = 15.0.1;
					};
				};
			};
			buildConfigurationList = 4714EDBD2BD4009F002BB87B /* Build configuration list for PBXProject "Homework17" */;
			compatibilityVersion = "Xcode 14.0";
			developmentRegion = en;
			hasScannedForEncodings = 0;
			knownRegions = (
				en,
				Base,
			);
			mainGroup = 4714EDB92BD4009F002BB87B;
			productRefGroup = 4714EDC32BD4009F002BB87B /* Products */;
			projectDirPath = "";
			projectRoot = "";
			targets = (
				4714EDC12BD4009F002BB87B /* Homework17 */,
			);
		};
/* End PBXProject section */

/* Begin PBXResourcesBuildPhase section */
		4714EDC02BD4009F002BB87B /* Resources */ = {
			isa = PBXResourcesBuildPhase;
			buildActionMask = 2147483647;
			files = (
				4714EDD22BD400A0002BB87B /* LaunchScreen.storyboard in Resources */,
				4714EDCF2BD400A0002BB87B /* Assets.xcassets in Resources */,
				4714EDCD2BD4009F002BB87B /* Main.storyboard in Resources */,
			);
			runOnlyForDeploymentPostprocessing = 0;
		};
/* End PBXResourcesBuildPhase section */

/* Begin PBXSourcesBuildPhase section */
		4714EDBE2BD4009F002BB87B /* Sources */ = {
			isa = PBXSourcesBuildPhase;
			buildActionMask = 2147483647;
			files = (
				4714EDCA2BD4009F002BB87B /* ViewController.swift in Sources */,
				4714EDE12BD400CB002BB87B /* TableViewAdapter.swift in Sources */,
				4714EDE52BD400CB002BB87B /* CellAdapterInput.swift in Sources */,
				4714EDE22BD400CB002BB87B /* SectionAdapterInput.swift in Sources */,
				4714EDC62BD4009F002BB87B /* AppDelegate.swift in Sources */,
				4714EDE32BD400CB002BB87B /* CellsSetSectionAdapter.swift in Sources */,
				4714EDC82BD4009F002BB87B /* SceneDelegate.swift in Sources */,
				4714EDE42BD400CB002BB87B /* TableViewAdapterInput.swift in Sources */,
			);
			runOnlyForDeploymentPostprocessing = 0;
		};
/* End PBXSourcesBuildPhase section */

/* Begin PBXVariantGroup section */
		4714EDCB2BD4009F002BB87B /* Main.storyboard */ = {
			isa = PBXVariantGroup;
			children = (
				4714EDCC2BD4009F002BB87B /* Base */,
			);
			name = Main.storyboard;
			sourceTree = "<group>";
		};
		4714EDD02BD400A0002BB87B /* LaunchScreen.storyboard */ = {
			isa = PBXVariantGroup;
			children = (
				4714EDD12BD400A0002BB87B /* Base */,
			);
			name = LaunchScreen.storyboard;
			sourceTree = "<group>";
		};
/* End PBXVariantGroup section */

/* Begin XCBuildConfiguration section */
		4714EDD42BD400A0002BB87B /* Debug */ = {
			isa = XCBuildConfiguration;
			buildSettings = {
				ALWAYS_SEARCH_USER_PATHS = NO;
				ASSETCATALOG_COMPILER_GENERATE_SWIFT_ASSET_SYMBOL_EXTENSIONS = YES;
				CLANG_ANALYZER_NONNULL = YES;
				CLANG_ANALYZER_NUMBER_OBJECT_CONVERSION = YES_AGGRESSIVE;
				CLANG_CXX_LANGUAGE_STANDARD = "gnu++20";
				CLANG_ENABLE_MODULES = YES;
				CLANG_ENABLE_OBJC_ARC = YES;
				CLANG_ENABLE_OBJC_WEAK = YES;
				CLANG_WARN_BLOCK_CAPTURE_AUTORELEASING = YES;
				CLANG_WARN_BOOL_CONVERSION = YES;
				CLANG_WARN_COMMA = YES;
				CLANG_WARN_CONSTANT_CONVERSION = YES;
				CLANG_WARN_DEPRECATED_OBJC_IMPLEMENTATIONS = YES;
				CLANG_WARN_DIRECT_OBJC_ISA_USAGE = YES_ERROR;
				CLANG_WARN_DOCUMENTATION_COMMENTS = YES;
				CLANG_WARN_EMPTY_BODY = YES;
				CLANG_WARN_ENUM_CONVERSION = YES;
				CLANG_WARN_INFINITE_RECURSION = YES;
				CLANG_WARN_INT_CONVERSION = YES;
				CLANG_WARN_NON_LITERAL_NULL_CONVERSION = YES;
				CLANG_WARN_OBJC_IMPLICIT_RETAIN_SELF = YES;
				CLANG_WARN_OBJC_LITERAL_CONVERSION = YES;
				CLANG_WARN_OBJC_ROOT_CLASS = YES_ERROR;
				CLANG_WARN_QUOTED_INCLUDE_IN_FRAMEWORK_HEADER = YES;
				CLANG_WARN_RANGE_LOOP_ANALYSIS = YES;
				CLANG_WARN_STRICT_PROTOTYPES = YES;
				CLANG_WARN_SUSPICIOUS_MOVE = YES;
				CLANG_WARN_UNGUARDED_AVAILABILITY = YES_AGGRESSIVE;
				CLANG_WARN_UNREACHABLE_CODE = YES;
				CLANG_WARN__DUPLICATE_METHOD_MATCH = YES;
				COPY_PHASE_STRIP = NO;
				DEBUG_INFORMATION_FORMAT = dwarf;
				ENABLE_STRICT_OBJC_MSGSEND = YES;
				ENABLE_TESTABILITY = YES;
				ENABLE_USER_SCRIPT_SANDBOXING = YES;
				GCC_C_LANGUAGE_STANDARD = gnu17;
				GCC_DYNAMIC_NO_PIC = NO;
				GCC_NO_COMMON_BLOCKS = YES;
				GCC_OPTIMIZATION_LEVEL = 0;
				GCC_PREPROCESSOR_DEFINITIONS = (
					"DEBUG=1",
					"$(inherited)",
				);
				GCC_WARN_64_TO_32_BIT_CONVERSION = YES;
				GCC_WARN_ABOUT_RETURN_TYPE = YES_ERROR;
				GCC_WARN_UNDECLARED_SELECTOR = YES;
				GCC_WARN_UNINITIALIZED_AUTOS = YES_AGGRESSIVE;
				GCC_WARN_UNUSED_FUNCTION = YES;
				GCC_WARN_UNUSED_VARIABLE = YES;
				IPHONEOS_DEPLOYMENT_TARGET = 17.0;
				LOCALIZATION_PREFERS_STRING_CATALOGS = YES;
				MTL_ENABLE_DEBUG_INFO = INCLUDE_SOURCE;
				MTL_FAST_MATH = YES;
				ONLY_ACTIVE_ARCH = YES;
				SDKROOT = iphoneos;
				SWIFT_ACTIVE_COMPILATION_CONDITIONS = "DEBUG $(inherited)";
				SWIFT_OPTIMIZATION_LEVEL = "-Onone";
			};
			name = Debug;
		};
		4714EDD52BD400A0002BB87B /* Release */ = {
			isa = XCBuildConfiguration;
			buildSettings = {
				ALWAYS_SEARCH_USER_PATHS = NO;
				ASSETCATALOG_COMPILER_GENERATE_SWIFT_ASSET_SYMBOL_EXTENSIONS = YES;
				CLANG_ANALYZER_NONNULL = YES;
				CLANG_ANALYZER_NUMBER_OBJECT_CONVERSION = YES_AGGRESSIVE;
				CLANG_CXX_LANGUAGE_STANDARD = "gnu++20";
				CLANG_ENABLE_MODULES = YES;
				CLANG_ENABLE_OBJC_ARC = YES;
				CLANG_ENABLE_OBJC_WEAK = YES;
				CLANG_WARN_BLOCK_CAPTURE_AUTORELEASING = YES;
				CLANG_WARN_BOOL_CONVERSION = YES;
				CLANG_WARN_COMMA = YES;
				CLANG_WARN_CONSTANT_CONVERSION = YES;
				CLANG_WARN_DEPRECATED_OBJC_IMPLEMENTATIONS = YES;
				CLANG_WARN_DIRECT_OBJC_ISA_USAGE = YES_ERROR;
				CLANG_WARN_DOCUMENTATION_COMMENTS = YES;
				CLANG_WARN_EMPTY_BODY = YES;
				CLANG_WARN_ENUM_CONVERSION = YES;
				CLANG_WARN_INFINITE_RECURSION = YES;
				CLANG_WARN_INT_CONVERSION = YES;
				CLANG_WARN_NON_LITERAL_NULL_CONVERSION = YES;
				CLANG_WARN_OBJC_IMPLICIT_RETAIN_SELF = YES;
				CLANG_WARN_OBJC_LITERAL_CONVERSION = YES;
				CLANG_WARN_OBJC_ROOT_CLASS = YES_ERROR;
				CLANG_WARN_QUOTED_INCLUDE_IN_FRAMEWORK_HEADER = YES;
				CLANG_WARN_RANGE_LOOP_ANALYSIS = YES;
				CLANG_WARN_STRICT_PROTOTYPES = YES;
				CLANG_WARN_SUSPICIOUS_MOVE = YES;
				CLANG_WARN_UNGUARDED_AVAILABILITY = YES_AGGRESSIVE;
				CLANG_WARN_UNREACHABLE_CODE = YES;
				CLANG_WARN__DUPLICATE_METHOD_MATCH = YES;
				COPY_PHASE_STRIP = NO;
				DEBUG_INFORMATION_FORMAT = "dwarf-with-dsym";
				ENABLE_NS_ASSERTIONS = NO;
				ENABLE_STRICT_OBJC_MSGSEND = YES;
				ENABLE_USER_SCRIPT_SANDBOXING = YES;
				GCC_C_LANGUAGE_STANDARD = gnu17;
				GCC_NO_COMMON_BLOCKS = YES;
				GCC_WARN_64_TO_32_BIT_CONVERSION = YES;
				GCC_WARN_ABOUT_RETURN_TYPE = YES_ERROR;
				GCC_WARN_UNDECLARED_SELECTOR = YES;
				GCC_WARN_UNINITIALIZED_AUTOS = YES_AGGRESSIVE;
				GCC_WARN_UNUSED_FUNCTION = YES;
				GCC_WARN_UNUSED_VARIABLE = YES;
				IPHONEOS_DEPLOYMENT_TARGET = 17.0;
				LOCALIZATION_PREFERS_STRING_CATALOGS = YES;
				MTL_ENABLE_DEBUG_INFO = NO;
				MTL_FAST_MATH = YES;
				SDKROOT = iphoneos;
				SWIFT_COMPILATION_MODE = wholemodule;
				VALIDATE_PRODUCT = YES;
			};
			name = Release;
		};
		4714EDD72BD400A0002BB87B /* Debug */ = {
			isa = XCBuildConfiguration;
			buildSettings = {
				ASSETCATALOG_COMPILER_APPICON_NAME = AppIcon;
				ASSETCATALOG_COMPILER_GLOBAL_ACCENT_COLOR_NAME = AccentColor;
				CODE_SIGN_STYLE = Automatic;
				CURRENT_PROJECT_VERSION = 1;
				GENERATE_INFOPLIST_FILE = YES;
				INFOPLIST_FILE = Homework17/Info.plist;
				INFOPLIST_KEY_UIApplicationSupportsIndirectInputEvents = YES;
				INFOPLIST_KEY_UILaunchStoryboardName = LaunchScreen;
				INFOPLIST_KEY_UIMainStoryboardFile = Main;
				INFOPLIST_KEY_UISupportedInterfaceOrientations_iPad = "UIInterfaceOrientationPortrait UIInterfaceOrientationPortraitUpsideDown UIInterfaceOrientationLandscapeLeft UIInterfaceOrientationLandscapeRight";
				INFOPLIST_KEY_UISupportedInterfaceOrientations_iPhone = "UIInterfaceOrientationPortrait UIInterfaceOrientationLandscapeLeft UIInterfaceOrientationLandscapeRight";
				LD_RUNPATH_SEARCH_PATHS = (
					"$(inherited)",
					"@executable_path/Frameworks",
				);
				MARKETING_VERSION = 1.0;
				PRODUCT_BUNDLE_IDENTIFIER = igla.Homework17;
				PRODUCT_NAME = "$(TARGET_NAME)";
				SWIFT_EMIT_LOC_STRINGS = YES;
				SWIFT_VERSION = 5.0;
				TARGETED_DEVICE_FAMILY = "1,2";
			};
			name = Debug;
		};
		4714EDD82BD400A0002BB87B /* Release */ = {
			isa = XCBuildConfiguration;
			buildSettings = {
				ASSETCATALOG_COMPILER_APPICON_NAME = AppIcon;
				ASSETCATALOG_COMPILER_GLOBAL_ACCENT_COLOR_NAME = AccentColor;
				CODE_SIGN_STYLE = Automatic;
				CURRENT_PROJECT_VERSION = 1;
				GENERATE_INFOPLIST_FILE = YES;
				INFOPLIST_FILE = Homework17/Info.plist;
				INFOPLIST_KEY_UIApplicationSupportsIndirectInputEvents = YES;
				INFOPLIST_KEY_UILaunchStoryboardName = LaunchScreen;
				INFOPLIST_KEY_UIMainStoryboardFile = Main;
				INFOPLIST_KEY_UISupportedInterfaceOrientations_iPad = "UIInterfaceOrientationPortrait UIInterfaceOrientationPortraitUpsideDown UIInterfaceOrientationLandscapeLeft UIInterfaceOrientationLandscapeRight";
				INFOPLIST_KEY_UISupportedInterfaceOrientations_iPhone = "UIInterfaceOrientationPortrait UIInterfaceOrientationLandscapeLeft UIInterfaceOrientationLandscapeRight";
				LD_RUNPATH_SEARCH_PATHS = (
					"$(inherited)",
					"@executable_path/Frameworks",
				);
				MARKETING_VERSION = 1.0;
				PRODUCT_BUNDLE_IDENTIFIER = igla.Homework17;
				PRODUCT_NAME = "$(TARGET_NAME)";
				SWIFT_EMIT_LOC_STRINGS = YES;
				SWIFT_VERSION = 5.0;
				TARGETED_DEVICE_FAMILY = "1,2";
			};
			name = Release;
		};
/* End XCBuildConfiguration section */

/* Begin XCConfigurationList section */
		4714EDBD2BD4009F002BB87B /* Build configuration list for PBXProject "Homework17" */ = {
			isa = XCConfigurationList;
			buildConfigurations = (
				4714EDD42BD400A0002BB87B /* Debug */,
				4714EDD52BD400A0002BB87B /* Release */,
			);
			defaultConfigurationIsVisible = 0;
			defaultConfigurationName = Release;
		};
		4714EDD62BD400A0002BB87B /* Build configuration list for PBXNativeTarget "Homework17" */ = {
			isa = XCConfigurationList;
			buildConfigurations = (
				4714EDD72BD400A0002BB87B /* Debug */,
				4714EDD82BD400A0002BB87B /* Release */,
			);
			defaultConfigurationIsVisible = 0;
			defaultConfigurationName = Release;
		};
/* End XCConfigurationList section */
	};
	rootObject = 4714EDBA2BD4009F002BB87B /* Project object */;
}
